
Microsoft Visual Studio Solution File, Format Version 12.00
# Visual Studio Version 16
VisualStudioVersion = 16.0.30621.155
MinimumVisualStudioVersion = 10.0.40219.1
Project("{FAE04EC0-301F-11D3-BF4B-00C04F79EFBC}") = "ClassLibrary", "ClassLibrary\ClassLibrary.csproj", "{F67BBDFF-C2D2-456C-8E72-99FFB49D465A}"
EndProject
Global
	GlobalSection(SolutionConfigurationPlatforms) = preSolution
		Debug|Any CPU = Debug|Any CPU
		Release|Any CPU = Release|Any CPU
	EndGlobalSection
	GlobalSection(ProjectConfigurationPlatforms) = postSolution
		{F67BBDFF-C2D2-456C-8E72-99FFB49D465A}.Debug|Any CPU.ActiveCfg = Debug|Any CPU
		{F67BBDFF-C2D2-456C-8E72-99FFB49D465A}.Debug|Any CPU.Build.0 = Debug|Any CPU
		{F67BBDFF-C2D2-456C-8E72-99FFB49D465A}.Release|Any CPU.ActiveCfg = Release|Any CPU
		{F67BBDFF-C2D2-456C-8E72-99FFB49D465A}.Release|Any CPU.Build.0 = Release|Any CPU
	EndGlobalSection
	GlobalSection(SolutionProperties) = preSolution
		HideSolutionNode = FALSE
	EndGlobalSection
	GlobalSection(ExtensibilityGlobals) = postSolution
		SolutionGuid = {A384E2BB-D561-49F6-BBBA-1DA9A454DCE3}
	EndGlobalSection
EndGlobal
